
Microsoft Visual Studio Solution File, Format Version 12.00
# Visual Studio Version 17
VisualStudioVersion = 17.12.35728.132 d17.12
MinimumVisualStudioVersion = 10.0.40219.1
Project("{FAE04EC0-301F-11D3-BF4B-00C04F79EFBC}") = "Organism_Simulation", "Organism_Simulation.csproj", "{D03AA489-2A65-4CB8-AED5-F27EA460E361}"
EndProject
Global
	GlobalSection(SolutionConfigurationPlatforms) = preSolution
		Debug|Any CPU = Debug|Any CPU
		Release|Any CPU = Release|Any CPU
	EndGlobalSection
	GlobalSection(ProjectConfigurationPlatforms) = postSolution
		{D03AA489-2A65-4CB8-AED5-F27EA460E361}.Debug|Any CPU.ActiveCfg = Debug|Any CPU
		{D03AA489-2A65-4CB8-AED5-F27EA460E361}.Debug|Any CPU.Build.0 = Debug|Any CPU
		{D03AA489-2A65-4CB8-AED5-F27EA460E361}.Release|Any CPU.ActiveCfg = Release|Any CPU
		{D03AA489-2A65-4CB8-AED5-F27EA460E361}.Release|Any CPU.Build.0 = Release|Any CPU
	EndGlobalSection
	GlobalSection(SolutionProperties) = preSolution
		HideSolutionNode = FALSE
	EndGlobalSection
EndGlobal
